
Microsoft Visual Studio Solution File, Format Version 12.00
# Visual Studio Version 17
VisualStudioVersion = 17.4.33205.214
MinimumVisualStudioVersion = 10.0.40219.1
Project("{8BC9CEB8-8B4A-11D0-8D11-00A0C91BC942}") = "Long_double_number", "Long_double_number\Long_double_number.vcxproj", "{3088F04F-F335-4101-B6B0-BCE804DFFDBB}"
EndProject
Project("{8BC9CEB8-8B4A-11D0-8D11-00A0C91BC942}") = "UnitTest1", "UnitTest1\UnitTest1.vcxproj", "{80A55153-78A6-4581-8E0E-2DE8EF8ECC77}"
EndProject
Global
	GlobalSection(SolutionConfigurationPlatforms) = preSolution
		Debug|x64 = Debug|x64
		Debug|x86 = Debug|x86
		Release|x64 = Release|x64
		Release|x86 = Release|x86
	EndGlobalSection
	GlobalSection(ProjectConfigurationPlatforms) = postSolution
		{3088F04F-F335-4101-B6B0-BCE804DFFDBB}.Debug|x64.ActiveCfg = Debug|x64
		{3088F04F-F335-4101-B6B0-BCE804DFFDBB}.Debug|x64.Build.0 = Debug|x64
		{3088F04F-F335-4101-B6B0-BCE804DFFDBB}.Debug|x86.ActiveCfg = Debug|Win32
		{3088F04F-F335-4101-B6B0-BCE804DFFDBB}.Debug|x86.Build.0 = Debug|Win32
		{3088F04F-F335-4101-B6B0-BCE804DFFDBB}.Release|x64.ActiveCfg = Release|x64
		{3088F04F-F335-4101-B6B0-BCE804DFFDBB}.Release|x64.Build.0 = Release|x64
		{3088F04F-F335-4101-B6B0-BCE804DFFDBB}.Release|x86.ActiveCfg = Release|Win32
		{3088F04F-F335-4101-B6B0-BCE804DFFDBB}.Release|x86.Build.0 = Release|Win32
		{80A55153-78A6-4581-8E0E-2DE8EF8ECC77}.Debug|x64.ActiveCfg = Debug|x64
		{80A55153-78A6-4581-8E0E-2DE8EF8ECC77}.Debug|x64.Build.0 = Debug|x64
		{80A55153-78A6-4581-8E0E-2DE8EF8ECC77}.Debug|x86.ActiveCfg = Debug|Win32
		{80A55153-78A6-4581-8E0E-2DE8EF8ECC77}.Debug|x86.Build.0 = Debug|Win32
		{80A55153-78A6-4581-8E0E-2DE8EF8ECC77}.Release|x64.ActiveCfg = Release|x64
		{80A55153-78A6-4581-8E0E-2DE8EF8ECC77}.Release|x64.Build.0 = Release|x64
		{80A55153-78A6-4581-8E0E-2DE8EF8ECC77}.Release|x86.ActiveCfg = Release|Win32
		{80A55153-78A6-4581-8E0E-2DE8EF8ECC77}.Release|x86.Build.0 = Release|Win32
	EndGlobalSection
	GlobalSection(SolutionProperties) = preSolution
		HideSolutionNode = FALSE
	EndGlobalSection
	GlobalSection(ExtensibilityGlobals) = postSolution
		SolutionGuid = {68006DA2-7A6C-4698-9EEC-576A775EA3F9}
	EndGlobalSection
EndGlobal
